Microsoft Visual Studio Solution File, Format Version 12.00
# Visual Studio Version 17
VisualStudioVersion = 17.5.2.0
MinimumVisualStudioVersion = 10.0.40219.1
Project("{FAE04EC0-301F-11D3-BF4B-00C04F79EFBC}") = "Ink.Net", "Ink.Net\Ink.Net.csproj", "{995D2FDF-6367-526C-3F4A-1BBD97CC35E7}"
EndProject
Project("{2150E333-8FDC-42A3-9474-1A3956D46DE8}") = "Ink.Net (1)", "Ink.Net (1)", "{D74CA61D-BDAC-7D62-C8D6-206EFD388E4B}"
EndProject
Project("{FAE04EC0-301F-11D3-BF4B-00C04F79EFBC}") = "_inspect", "Ink.Net\_inspect\_inspect.csproj", "{1109B002-F59B-ACE2-88EE-BF7429C94981}"
EndProject
Global
	GlobalSection(SolutionConfigurationPlatforms) = preSolution
		Debug|Any CPU = Debug|Any CPU
		Release|Any CPU = Release|Any CPU
	EndGlobalSection
	GlobalSection(ProjectConfigurationPlatforms) = postSolution
		{995D2FDF-6367-526C-3F4A-1BBD97CC35E7}.Debug|Any CPU.ActiveCfg = Debug|Any CPU
		{995D2FDF-6367-526C-3F4A-1BBD97CC35E7}.Debug|Any CPU.Build.0 = Debug|Any CPU
		{995D2FDF-6367-526C-3F4A-1BBD97CC35E7}.Release|Any CPU.ActiveCfg = Release|Any CPU
		{995D2FDF-6367-526C-3F4A-1BBD97CC35E7}.Release|Any CPU.Build.0 = Release|Any CPU
		{1109B002-F59B-ACE2-88EE-BF7429C94981}.Debug|Any CPU.ActiveCfg = Debug|Any CPU
		{1109B002-F59B-ACE2-88EE-BF7429C94981}.Debug|Any CPU.Build.0 = Debug|Any CPU
		{1109B002-F59B-ACE2-88EE-BF7429C94981}.Release|Any CPU.ActiveCfg = Release|Any CPU
		{1109B002-F59B-ACE2-88EE-BF7429C94981}.Release|Any CPU.Build.0 = Release|Any CPU
	EndGlobalSection
	GlobalSection(SolutionProperties) = preSolution
		HideSolutionNode = FALSE
	EndGlobalSection
	GlobalSection(NestedProjects) = preSolution
		{1109B002-F59B-ACE2-88EE-BF7429C94981} = {D74CA61D-BDAC-7D62-C8D6-206EFD388E4B}
	EndGlobalSection
	GlobalSection(ExtensibilityGlobals) = postSolution
		SolutionGuid = {1EFEC26F-211D-4E43-9F6A-B69DBFEBA7DC}
	EndGlobalSection
EndGlobal
